version = 1
revision = 3
requires-python = ">=3.14"

[[package]]
name = "llama-cluster"
version = "0.1.0"
source = { editable = "." }
dependencies = [
    { name = "pynvml" },
]

[package.metadata]
requires-dist = [{ name = "pynvml", specifier = ">=13.0.1" }]

[[package]]
name = "nvidia-ml-py"
version = "13.610.43"
source = { registry = "https://pypi.org/simple" }
sdist = { url = "https://files.pythonhosted.org/packages/f0/b5/a8fbc356f768fa5c9cfd646668fd7d34bf55bdd1c6e20754642a64d930d4/nvidia_ml_py-13.610.43.tar.gz", hash = "sha256:65437eb73d68d0c62c931ca4d45038472faff03bd0b8729abba4b899f70d60f2", size = 52109, upload-time = "2026-06-01T18:54:08.829Z" }
wheels = [
    { url = "https://files.pythonhosted.org/packages/23/45/caa600acfab94560807a20a64b5830d2cd3c3202b7f1328644d70b7d6bd8/nvidia_ml_py-13.610.43-py3-none-any.whl", hash = "sha256:f13c72698edef492f985cc225f14faafe68ae065a2e407f45bdf6f4b9b43fde8", size = 53163, upload-time = "2026-06-01T18:54:07.704Z" },
]

[[package]]
name = "pynvml"
version = "13.0.1"
source = { registry = "https://pypi.org/simple" }
dependencies = [
    { name = "nvidia-ml-py" },
]
sdist = { url = "https://files.pythonhosted.org/packages/5c/57/da7dc63a79f59e082e26a66ac02d87d69ea316b35b35b7a00d82f3ce3d2f/pynvml-13.0.1.tar.gz", hash = "sha256:1245991d9db786b4d2f277ce66869bd58f38ac654e38c9397d18f243c8f6e48f", size = 35226, upload-time = "2025-09-05T20:33:25.377Z" }
wheels = [
    { url = "https://files.pythonhosted.org/packages/d7/4a/cac76c174bb439a0c46c9a4413fcbea5c6cabfb01879f7bbdb9fdfaed76c/pynvml-13.0.1-py3-none-any.whl", hash = "sha256:e2b20e0a501eeec951e2455b7ab444759cf048e0e13a57b08049fa2775266aa8", size = 28810, upload-time = "2025-09-05T20:33:24.13Z" },
]
